
Microsoft Visual Studio Solution File, Format Version 12.00
# Visual Studio 15
VisualStudioVersion = 15.0.26730.16
MinimumVisualStudioVersion = 10.0.40219.1
Project("{FAE04EC0-301F-11D3-BF4B-00C04F79EFBC}") = "MDB_access", "MDB_access\MDB_access.csproj", "{CCF5E88E-2A93-417B-8FAA-DAD430593909}"
EndProject
Global
	GlobalSection(SolutionConfigurationPlatforms) = preSolution
		Debug|Any CPU = Debug|Any CPU
		Release|Any CPU = Release|Any CPU
	EndGlobalSection
	GlobalSection(ProjectConfigurationPlatforms) = postSolution
		{CCF5E88E-2A93-417B-8FAA-DAD430593909}.Debug|Any CPU.ActiveCfg = Debug|Any CPU
		{CCF5E88E-2A93-417B-8FAA-DAD430593909}.Debug|Any CPU.Build.0 = Debug|Any CPU
		{CCF5E88E-2A93-417B-8FAA-DAD430593909}.Release|Any CPU.ActiveCfg = Release|Any CPU
		{CCF5E88E-2A93-417B-8FAA-DAD430593909}.Release|Any CPU.Build.0 = Release|Any CPU
	EndGlobalSection
	GlobalSection(SolutionProperties) = preSolution
		HideSolutionNode = FALSE
	EndGlobalSection
	GlobalSection(ExtensibilityGlobals) = postSolution
		SolutionGuid = {F58173E0-8FFC-44CE-A0C1-A652606958A5}
	EndGlobalSection
EndGlobal
